
Microsoft Visual Studio Solution File, Format Version 11.00
# Visual Studio 2010
Project("{FAE04EC0-301F-11D3-BF4B-00C04F79EFBC}") = "Assembly-CSharp", "Assembly-CSharp.csproj", "{d54a457a-0a64-e567-ac3c-55e52cb742b4}"
EndProject
Project("{FAE04EC0-301F-11D3-BF4B-00C04F79EFBC}") = "PhotonUnityNetworking.Demos", "PhotonUnityNetworking.Demos.csproj", "{b6bf8485-3fe5-3920-ea61-d1082420d8d4}"
EndProject
Project("{FAE04EC0-301F-11D3-BF4B-00C04F79EFBC}") = "PhotonRealtime", "PhotonRealtime.csproj", "{94c6439e-9a41-29e6-aa0f-dbe5c6ac28d6}"
EndProject
Project("{FAE04EC0-301F-11D3-BF4B-00C04F79EFBC}") = "PhotonUnityNetworking", "PhotonUnityNetworking.csproj", "{1386f3f6-d0fd-e61a-329c-bf0dbaddb5b8}"
EndProject
Project("{FAE04EC0-301F-11D3-BF4B-00C04F79EFBC}") = "PhotonUnityNetworking.Utilities", "PhotonUnityNetworking.Utilities.csproj", "{85af5651-4ba8-168b-085b-e43c1e6e79b2}"
EndProject
Project("{FAE04EC0-301F-11D3-BF4B-00C04F79EFBC}") = "PhotonChat", "PhotonChat.csproj", "{bd7aa4f7-7131-c8c6-0888-28ecd82a40a9}"
EndProject
Project("{FAE04EC0-301F-11D3-BF4B-00C04F79EFBC}") = "PhotonUnityNetworking.Editor", "PhotonUnityNetworking.Editor.csproj", "{ec954bed-0577-8842-905a-0f64b0e3c92a}"
EndProject
Project("{FAE04EC0-301F-11D3-BF4B-00C04F79EFBC}") = "Assembly-CSharp-Editor", "Assembly-CSharp-Editor.csproj", "{d0c46686-ab25-2375-ec68-b9e974f92c47}"
EndProject
Project("{FAE04EC0-301F-11D3-BF4B-00C04F79EFBC}") = "PhotonUnityNetworking.Utilities.PhotonPlayer.Editor", "PhotonUnityNetworking.Utilities.PhotonPlayer.Editor.csproj", "{709a2c7b-6939-f787-0329-39eb5bb60f69}"
EndProject
Project("{FAE04EC0-301F-11D3-BF4B-00C04F79EFBC}") = "PunDemos.DemoSlotcarEditor", "PunDemos.DemoSlotcarEditor.csproj", "{7e14a488-6e02-36c2-740c-c4c06435d17a}"
EndProject
Project("{FAE04EC0-301F-11D3-BF4B-00C04F79EFBC}") = "PhotonUnityNetworking.Utilities.Culling.Editor", "PhotonUnityNetworking.Utilities.Culling.Editor.csproj", "{f1a434c1-d60d-1774-a439-20146a4932d0}"
EndProject
Project("{FAE04EC0-301F-11D3-BF4B-00C04F79EFBC}") = "PunDemos.DemoHubEditor", "PunDemos.DemoHubEditor.csproj", "{eb182328-2ec9-097f-af1b-1569de5f5065}"
EndProject
Global
	GlobalSection(SolutionConfigurationPlatforms) = preSolution
		Debug|Any CPU = Debug|Any CPU
	EndGlobalSection
	GlobalSection(ProjectConfigurationPlatforms) = postSolution
		{d54a457a-0a64-e567-ac3c-55e52cb742b4}.Debug|Any CPU.ActiveCfg = Debug|Any CPU
		{d54a457a-0a64-e567-ac3c-55e52cb742b4}.Debug|Any CPU.Build.0 = Debug|Any CPU
		{b6bf8485-3fe5-3920-ea61-d1082420d8d4}.Debug|Any CPU.ActiveCfg = Debug|Any CPU
		{b6bf8485-3fe5-3920-ea61-d1082420d8d4}.Debug|Any CPU.Build.0 = Debug|Any CPU
		{94c6439e-9a41-29e6-aa0f-dbe5c6ac28d6}.Debug|Any CPU.ActiveCfg = Debug|Any CPU
		{94c6439e-9a41-29e6-aa0f-dbe5c6ac28d6}.Debug|Any CPU.Build.0 = Debug|Any CPU
		{1386f3f6-d0fd-e61a-329c-bf0dbaddb5b8}.Debug|Any CPU.ActiveCfg = Debug|Any CPU
		{1386f3f6-d0fd-e61a-329c-bf0dbaddb5b8}.Debug|Any CPU.Build.0 = Debug|Any CPU
		{85af5651-4ba8-168b-085b-e43c1e6e79b2}.Debug|Any CPU.ActiveCfg = Debug|Any CPU
		{85af5651-4ba8-168b-085b-e43c1e6e79b2}.Debug|Any CPU.Build.0 = Debug|Any CPU
		{bd7aa4f7-7131-c8c6-0888-28ecd82a40a9}.Debug|Any CPU.ActiveCfg = Debug|Any CPU
		{bd7aa4f7-7131-c8c6-0888-28ecd82a40a9}.Debug|Any CPU.Build.0 = Debug|Any CPU
		{ec954bed-0577-8842-905a-0f64b0e3c92a}.Debug|Any CPU.ActiveCfg = Debug|Any CPU
		{ec954bed-0577-8842-905a-0f64b0e3c92a}.Debug|Any CPU.Build.0 = Debug|Any CPU
		{d0c46686-ab25-2375-ec68-b9e974f92c47}.Debug|Any CPU.ActiveCfg = Debug|Any CPU
		{d0c46686-ab25-2375-ec68-b9e974f92c47}.Debug|Any CPU.Build.0 = Debug|Any CPU
		{709a2c7b-6939-f787-0329-39eb5bb60f69}.Debug|Any CPU.ActiveCfg = Debug|Any CPU
		{709a2c7b-6939-f787-0329-39eb5bb60f69}.Debug|Any CPU.Build.0 = Debug|Any CPU
		{7e14a488-6e02-36c2-740c-c4c06435d17a}.Debug|Any CPU.ActiveCfg = Debug|Any CPU
		{7e14a488-6e02-36c2-740c-c4c06435d17a}.Debug|Any CPU.Build.0 = Debug|Any CPU
		{f1a434c1-d60d-1774-a439-20146a4932d0}.Debug|Any CPU.ActiveCfg = Debug|Any CPU
		{f1a434c1-d60d-1774-a439-20146a4932d0}.Debug|Any CPU.Build.0 = Debug|Any CPU
		{eb182328-2ec9-097f-af1b-1569de5f5065}.Debug|Any CPU.ActiveCfg = Debug|Any CPU
		{eb182328-2ec9-097f-af1b-1569de5f5065}.Debug|Any CPU.Build.0 = Debug|Any CPU
	EndGlobalSection
	GlobalSection(SolutionProperties) = preSolution
		HideSolutionNode = FALSE
	EndGlobalSection
EndGlobal
